
Microsoft Visual Studio Solution File, Format Version 12.00
# Visual Studio 15
VisualStudioVersion = 15.0.28307.421
MinimumVisualStudioVersion = 10.0.40219.1
Project("{FAE04EC0-301F-11D3-BF4B-00C04F79EFBC}") = "Hanselman.iOS", "iOS\Hanselman.iOS.csproj", "{E5B4A6E4-CAAA-4E33-BC65-4D8214905BB3}"
EndProject
Project("{9A19103F-16F7-4668-BE54-9A1E7A4F7556}") = "Hanselman", "Hanselman\Hanselman.csproj", "{028799A4-E2FD-4901-B950-666C00EFBF63}"
EndProject
Project("{2150E333-8FDC-42A3-9474-1A3956D46DE8}") = "Solution Items", "Solution Items", "{EB04CAE1-9F74-40C1-A9BB-5BB7BA4ECECE}"
	ProjectSection(SolutionItems) = preProject
		.editorconfig = .editorconfig
	EndProjectSection
EndProject
Project("{FAE04EC0-301F-11D3-BF4B-00C04F79EFBC}") = "Hanselman.macOS", "macOS\Hanselman.macOS.csproj", "{A478B0C4-32DF-476E-912A-00458C4DF9F8}"
EndProject
Project("{FAE04EC0-301F-11D3-BF4B-00C04F79EFBC}") = "Hanselman.Android", "Android\Hanselman.Android.csproj", "{6BE27B2E-552F-43B2-82D5-058D7F180CEC}"
EndProject
Project("{FAE04EC0-301F-11D3-BF4B-00C04F79EFBC}") = "Tiny.Framework", "..\..\Framework4\Base\Tiny.Framework.csproj", "{4E66E26E-86DE-43F5-90FB-5BC6467BB1D5}"
EndProject
Project("{FAE04EC0-301F-11D3-BF4B-00C04F79EFBC}") = "Tiny.Framework.macOS", "..\..\Framework4\Platforms\macOS\Tiny.Framework.macOS.csproj", "{F917D8AE-4A36-47C9-A58E-D23854F65915}"
EndProject
Project("{FAE04EC0-301F-11D3-BF4B-00C04F79EFBC}") = "Tiny.Framework.iOS", "..\..\Framework4\Platforms\iOS\Tiny.Framework.iOS.csproj", "{FEFDEE74-F945-43D2-A7FE-6D2261BE518B}"
EndProject
Project("{FAE04EC0-301F-11D3-BF4B-00C04F79EFBC}") = "Tiny.Framework.Android", "..\..\Framework4\Platforms\Android\Tiny.Framework.Android.csproj", "{E947FD43-3AA5-4985-8B48-42CA65911A05}"
EndProject
Project("{FAE04EC0-301F-11D3-BF4B-00C04F79EFBC}") = "Tiny.Framework.Application", "..\..\Framework4\Application\Tiny.Framework.Application.csproj", "{4808D68D-10E8-4632-AAB5-76BB7F087A55}"
EndProject
Project("{FAE04EC0-301F-11D3-BF4B-00C04F79EFBC}") = "Tiny.Framework.Xamarin", "..\..\Framework4\Presentation\Tiny.Framework.Xamarin.csproj", "{89317452-9E3E-4181-BC00-7857D9407EB4}"
EndProject
Global
	GlobalSection(SolutionConfigurationPlatforms) = preSolution
		AppStore|Any CPU = AppStore|Any CPU
		AppStore|ARM = AppStore|ARM
		AppStore|iPhone = AppStore|iPhone
		AppStore|iPhoneSimulator = AppStore|iPhoneSimulator
		AppStore|Mixed Platforms = AppStore|Mixed Platforms
		AppStore|x64 = AppStore|x64
		AppStore|x86 = AppStore|x86
		Debug|Any CPU = Debug|Any CPU
		Debug|ARM = Debug|ARM
		Debug|iPhone = Debug|iPhone
		Debug|iPhoneSimulator = Debug|iPhoneSimulator
		Debug|Mixed Platforms = Debug|Mixed Platforms
		Debug|x64 = Debug|x64
		Debug|x86 = Debug|x86
		Release|Any CPU = Release|Any CPU
		Release|ARM = Release|ARM
		Release|iPhone = Release|iPhone
		Release|iPhoneSimulator = Release|iPhoneSimulator
		Release|Mixed Platforms = Release|Mixed Platforms
		Release|x64 = Release|x64
		Release|x86 = Release|x86
	EndGlobalSection
	GlobalSection(ProjectConfigurationPlatforms) = postSolution
		{E5B4A6E4-CAAA-4E33-BC65-4D8214905BB3}.AppStore|Any CPU.ActiveCfg = AppStore|iPhoneSimulator
		{E5B4A6E4-CAAA-4E33-BC65-4D8214905BB3}.AppStore|ARM.ActiveCfg = AppStore|iPhoneSimulator
		{E5B4A6E4-CAAA-4E33-BC65-4D8214905BB3}.AppStore|iPhone.ActiveCfg = AppStore|iPhone
		{E5B4A6E4-CAAA-4E33-BC65-4D8214905BB3}.AppStore|iPhone.Build.0 = AppStore|iPhone
		{E5B4A6E4-CAAA-4E33-BC65-4D8214905BB3}.AppStore|iPhoneSimulator.ActiveCfg = AppStore|iPhoneSimulator
		{E5B4A6E4-CAAA-4E33-BC65-4D8214905BB3}.AppStore|iPhoneSimulator.Build.0 = AppStore|iPhoneSimulator
		{E5B4A6E4-CAAA-4E33-BC65-4D8214905BB3}.AppStore|iPhoneSimulator.Deploy.0 = AppStore|iPhoneSimulator
		{E5B4A6E4-CAAA-4E33-BC65-4D8214905BB3}.AppStore|Mixed Platforms.ActiveCfg = AppStore|iPhoneSimulator
		{E5B4A6E4-CAAA-4E33-BC65-4D8214905BB3}.AppStore|Mixed Platforms.Build.0 = AppStore|iPhoneSimulator
		{E5B4A6E4-CAAA-4E33-BC65-4D8214905BB3}.AppStore|Mixed Platforms.Deploy.0 = AppStore|iPhoneSimulator
		{E5B4A6E4-CAAA-4E33-BC65-4D8214905BB3}.AppStore|x64.ActiveCfg = AppStore|iPhone
		{E5B4A6E4-CAAA-4E33-BC65-4D8214905BB3}.AppStore|x86.ActiveCfg = AppStore|iPhoneSimulator
		{E5B4A6E4-CAAA-4E33-BC65-4D8214905BB3}.Debug|Any CPU.ActiveCfg = Debug|iPhoneSimulator
		{E5B4A6E4-CAAA-4E33-BC65-4D8214905BB3}.Debug|ARM.ActiveCfg = Debug|iPhone
		{E5B4A6E4-CAAA-4E33-BC65-4D8214905BB3}.Debug|iPhone.ActiveCfg = Debug|iPhone
		{E5B4A6E4-CAAA-4E33-BC65-4D8214905BB3}.Debug|iPhone.Build.0 = Debug|iPhone
		{E5B4A6E4-CAAA-4E33-BC65-4D8214905BB3}.Debug|iPhone.Deploy.0 = Debug|iPhone
		{E5B4A6E4-CAAA-4E33-BC65-4D8214905BB3}.Debug|iPhoneSimulator.ActiveCfg = Debug|iPhoneSimulator
		{E5B4A6E4-CAAA-4E33-BC65-4D8214905BB3}.Debug|iPhoneSimulator.Build.0 = Debug|iPhoneSimulator
		{E5B4A6E4-CAAA-4E33-BC65-4D8214905BB3}.Debug|iPhoneSimulator.Deploy.0 = Debug|iPhoneSimulator
		{E5B4A6E4-CAAA-4E33-BC65-4D8214905BB3}.Debug|Mixed Platforms.ActiveCfg = Debug|iPhoneSimulator
		{E5B4A6E4-CAAA-4E33-BC65-4D8214905BB3}.Debug|Mixed Platforms.Build.0 = Debug|iPhoneSimulator
		{E5B4A6E4-CAAA-4E33-BC65-4D8214905BB3}.Debug|Mixed Platforms.Deploy.0 = Debug|iPhoneSimulator
		{E5B4A6E4-CAAA-4E33-BC65-4D8214905BB3}.Debug|x64.ActiveCfg = Debug|iPhone
		{E5B4A6E4-CAAA-4E33-BC65-4D8214905BB3}.Debug|x86.ActiveCfg = Debug|iPhone
		{E5B4A6E4-CAAA-4E33-BC65-4D8214905BB3}.Release|Any CPU.ActiveCfg = Release|iPhoneSimulator
		{E5B4A6E4-CAAA-4E33-BC65-4D8214905BB3}.Release|Any CPU.Build.0 = Release|iPhoneSimulator
		{E5B4A6E4-CAAA-4E33-BC65-4D8214905BB3}.Release|ARM.ActiveCfg = Release|iPhone
		{E5B4A6E4-CAAA-4E33-BC65-4D8214905BB3}.Release|iPhone.ActiveCfg = Release|iPhone
		{E5B4A6E4-CAAA-4E33-BC65-4D8214905BB3}.Release|iPhone.Build.0 = Release|iPhone
		{E5B4A6E4-CAAA-4E33-BC65-4D8214905BB3}.Release|iPhoneSimulator.ActiveCfg = Release|iPhoneSimulator
		{E5B4A6E4-CAAA-4E33-BC65-4D8214905BB3}.Release|iPhoneSimulator.Build.0 = Release|iPhoneSimulator
		{E5B4A6E4-CAAA-4E33-BC65-4D8214905BB3}.Release|Mixed Platforms.ActiveCfg = Release|iPhone
		{E5B4A6E4-CAAA-4E33-BC65-4D8214905BB3}.Release|Mixed Platforms.Build.0 = Release|iPhone
		{E5B4A6E4-CAAA-4E33-BC65-4D8214905BB3}.Release|Mixed Platforms.Deploy.0 = Release|iPhone
		{E5B4A6E4-CAAA-4E33-BC65-4D8214905BB3}.Release|x64.ActiveCfg = Release|iPhone
		{E5B4A6E4-CAAA-4E33-BC65-4D8214905BB3}.Release|x86.ActiveCfg = Release|iPhone
		{E5B4A6E4-CAAA-4E33-BC65-4D8214905BB3}.Ad-Hoc|Any CPU.Build.0 = Release|iPhoneSimulator
		{E5B4A6E4-CAAA-4E33-BC65-4D8214905BB3}.Debug|Any CPU.Build.0 = Debug|iPhoneSimulator
		{028799A4-E2FD-4901-B950-666C00EFBF63}.AppStore|Any CPU.ActiveCfg = Release|Any CPU
		{028799A4-E2FD-4901-B950-666C00EFBF63}.AppStore|Any CPU.Build.0 = Release|Any CPU
		{028799A4-E2FD-4901-B950-666C00EFBF63}.AppStore|ARM.ActiveCfg = Release|Any CPU
		{028799A4-E2FD-4901-B950-666C00EFBF63}.AppStore|iPhone.ActiveCfg = Release|Any CPU
		{028799A4-E2FD-4901-B950-666C00EFBF63}.AppStore|iPhoneSimulator.ActiveCfg = Release|Any CPU
		{028799A4-E2FD-4901-B950-666C00EFBF63}.AppStore|Mixed Platforms.ActiveCfg = Release|Any CPU
		{028799A4-E2FD-4901-B950-666C00EFBF63}.AppStore|Mixed Platforms.Build.0 = Release|Any CPU
		{028799A4-E2FD-4901-B950-666C00EFBF63}.AppStore|x64.ActiveCfg = Debug|Any CPU
		{028799A4-E2FD-4901-B950-666C00EFBF63}.AppStore|x86.ActiveCfg = Release|Any CPU
		{028799A4-E2FD-4901-B950-666C00EFBF63}.Debug|Any CPU.ActiveCfg = Debug|Any CPU
		{028799A4-E2FD-4901-B950-666C00EFBF63}.Debug|Any CPU.Build.0 = Debug|Any CPU
		{028799A4-E2FD-4901-B950-666C00EFBF63}.Debug|ARM.ActiveCfg = Debug|Any CPU
		{028799A4-E2FD-4901-B950-666C00EFBF63}.Debug|iPhone.ActiveCfg = Debug|Any CPU
		{028799A4-E2FD-4901-B950-666C00EFBF63}.Debug|iPhone.Build.0 = Debug|Any CPU
		{028799A4-E2FD-4901-B950-666C00EFBF63}.Debug|iPhoneSimulator.ActiveCfg = Debug|Any CPU
		{028799A4-E2FD-4901-B950-666C00EFBF63}.Debug|iPhoneSimulator.Build.0 = Debug|Any CPU
		{028799A4-E2FD-4901-B950-666C00EFBF63}.Debug|Mixed Platforms.ActiveCfg = Debug|Any CPU
		{028799A4-E2FD-4901-B950-666C00EFBF63}.Debug|Mixed Platforms.Build.0 = Debug|Any CPU
		{028799A4-E2FD-4901-B950-666C00EFBF63}.Debug|x64.ActiveCfg = Debug|Any CPU
		{028799A4-E2FD-4901-B950-666C00EFBF63}.Debug|x86.ActiveCfg = Debug|Any CPU
		{028799A4-E2FD-4901-B950-666C00EFBF63}.Debug|x86.Build.0 = Debug|Any CPU
		{028799A4-E2FD-4901-B950-666C00EFBF63}.Release|Any CPU.ActiveCfg = Release|Any CPU
		{028799A4-E2FD-4901-B950-666C00EFBF63}.Release|Any CPU.Build.0 = Release|Any CPU
		{028799A4-E2FD-4901-B950-666C00EFBF63}.Release|ARM.ActiveCfg = Release|Any CPU
		{028799A4-E2FD-4901-B950-666C00EFBF63}.Release|iPhone.ActiveCfg = Release|Any CPU
		{028799A4-E2FD-4901-B950-666C00EFBF63}.Release|iPhoneSimulator.ActiveCfg = Release|Any CPU
		{028799A4-E2FD-4901-B950-666C00EFBF63}.Release|Mixed Platforms.ActiveCfg = Release|Any CPU
		{028799A4-E2FD-4901-B950-666C00EFBF63}.Release|Mixed Platforms.Build.0 = Release|Any CPU
		{028799A4-E2FD-4901-B950-666C00EFBF63}.Release|x64.ActiveCfg = Release|Any CPU
		{028799A4-E2FD-4901-B950-666C00EFBF63}.Release|x86.ActiveCfg = Release|Any CPU
		{A478B0C4-32DF-476E-912A-00458C4DF9F8}.AppStore|Any CPU.ActiveCfg = Release|Any CPU
		{A478B0C4-32DF-476E-912A-00458C4DF9F8}.AppStore|Any CPU.Build.0 = Release|Any CPU
		{A478B0C4-32DF-476E-912A-00458C4DF9F8}.AppStore|ARM.ActiveCfg = Release|Any CPU
		{A478B0C4-32DF-476E-912A-00458C4DF9F8}.AppStore|ARM.Build.0 = Release|Any CPU
		{A478B0C4-32DF-476E-912A-00458C4DF9F8}.AppStore|iPhone.ActiveCfg = Release|Any CPU
		{A478B0C4-32DF-476E-912A-00458C4DF9F8}.AppStore|iPhone.Build.0 = Release|Any CPU
		{A478B0C4-32DF-476E-912A-00458C4DF9F8}.AppStore|iPhoneSimulator.ActiveCfg = Release|Any CPU
		{A478B0C4-32DF-476E-912A-00458C4DF9F8}.AppStore|iPhoneSimulator.Build.0 = Release|Any CPU
		{A478B0C4-32DF-476E-912A-00458C4DF9F8}.AppStore|Mixed Platforms.ActiveCfg = Release|Any CPU
		{A478B0C4-32DF-476E-912A-00458C4DF9F8}.AppStore|Mixed Platforms.Build.0 = Release|Any CPU
		{A478B0C4-32DF-476E-912A-00458C4DF9F8}.AppStore|x64.ActiveCfg = Release|Any CPU
		{A478B0C4-32DF-476E-912A-00458C4DF9F8}.AppStore|x64.Build.0 = Release|Any CPU
		{A478B0C4-32DF-476E-912A-00458C4DF9F8}.AppStore|x86.ActiveCfg = Release|Any CPU
		{A478B0C4-32DF-476E-912A-00458C4DF9F8}.AppStore|x86.Build.0 = Release|Any CPU
		{A478B0C4-32DF-476E-912A-00458C4DF9F8}.Debug|Any CPU.ActiveCfg = Debug|Any CPU
		{A478B0C4-32DF-476E-912A-00458C4DF9F8}.Debug|Any CPU.Build.0 = Debug|Any CPU
		{A478B0C4-32DF-476E-912A-00458C4DF9F8}.Debug|ARM.ActiveCfg = Debug|Any CPU
		{A478B0C4-32DF-476E-912A-00458C4DF9F8}.Debug|ARM.Build.0 = Debug|Any CPU
		{A478B0C4-32DF-476E-912A-00458C4DF9F8}.Debug|iPhone.ActiveCfg = Debug|Any CPU
		{A478B0C4-32DF-476E-912A-00458C4DF9F8}.Debug|iPhone.Build.0 = Debug|Any CPU
		{A478B0C4-32DF-476E-912A-00458C4DF9F8}.Debug|iPhoneSimulator.ActiveCfg = Debug|Any CPU
		{A478B0C4-32DF-476E-912A-00458C4DF9F8}.Debug|iPhoneSimulator.Build.0 = Debug|Any CPU
		{A478B0C4-32DF-476E-912A-00458C4DF9F8}.Debug|Mixed Platforms.ActiveCfg = Debug|Any CPU
		{A478B0C4-32DF-476E-912A-00458C4DF9F8}.Debug|Mixed Platforms.Build.0 = Debug|Any CPU
		{A478B0C4-32DF-476E-912A-00458C4DF9F8}.Debug|x64.ActiveCfg = Debug|Any CPU
		{A478B0C4-32DF-476E-912A-00458C4DF9F8}.Debug|x64.Build.0 = Debug|Any CPU
		{A478B0C4-32DF-476E-912A-00458C4DF9F8}.Debug|x86.ActiveCfg = Debug|Any CPU
		{A478B0C4-32DF-476E-912A-00458C4DF9F8}.Debug|x86.Build.0 = Debug|Any CPU
		{A478B0C4-32DF-476E-912A-00458C4DF9F8}.Release|Any CPU.ActiveCfg = Release|Any CPU
		{A478B0C4-32DF-476E-912A-00458C4DF9F8}.Release|Any CPU.Build.0 = Release|Any CPU
		{A478B0C4-32DF-476E-912A-00458C4DF9F8}.Release|ARM.ActiveCfg = Release|Any CPU
		{A478B0C4-32DF-476E-912A-00458C4DF9F8}.Release|ARM.Build.0 = Release|Any CPU
		{A478B0C4-32DF-476E-912A-00458C4DF9F8}.Release|iPhone.ActiveCfg = Release|Any CPU
		{A478B0C4-32DF-476E-912A-00458C4DF9F8}.Release|iPhone.Build.0 = Release|Any CPU
		{A478B0C4-32DF-476E-912A-00458C4DF9F8}.Release|iPhoneSimulator.ActiveCfg = Release|Any CPU
		{A478B0C4-32DF-476E-912A-00458C4DF9F8}.Release|iPhoneSimulator.Build.0 = Release|Any CPU
		{A478B0C4-32DF-476E-912A-00458C4DF9F8}.Release|Mixed Platforms.ActiveCfg = Release|Any CPU
		{A478B0C4-32DF-476E-912A-00458C4DF9F8}.Release|Mixed Platforms.Build.0 = Release|Any CPU
		{A478B0C4-32DF-476E-912A-00458C4DF9F8}.Release|x64.ActiveCfg = Release|Any CPU
		{A478B0C4-32DF-476E-912A-00458C4DF9F8}.Release|x64.Build.0 = Release|Any CPU
		{A478B0C4-32DF-476E-912A-00458C4DF9F8}.Release|x86.ActiveCfg = Release|Any CPU
		{A478B0C4-32DF-476E-912A-00458C4DF9F8}.Release|x86.Build.0 = Release|Any CPU
		{6BE27B2E-552F-43B2-82D5-058D7F180CEC}.AppStore|Any CPU.ActiveCfg = Release|Any CPU
		{6BE27B2E-552F-43B2-82D5-058D7F180CEC}.AppStore|Any CPU.Build.0 = Release|Any CPU
		{6BE27B2E-552F-43B2-82D5-058D7F180CEC}.AppStore|Any CPU.Deploy.0 = Release|Any CPU
		{6BE27B2E-552F-43B2-82D5-058D7F180CEC}.AppStore|ARM.ActiveCfg = Release|Any CPU
		{6BE27B2E-552F-43B2-82D5-058D7F180CEC}.AppStore|iPhone.ActiveCfg = Debug|Any CPU
		{6BE27B2E-552F-43B2-82D5-058D7F180CEC}.AppStore|iPhone.Build.0 = Debug|Any CPU
		{6BE27B2E-552F-43B2-82D5-058D7F180CEC}.AppStore|iPhoneSimulator.ActiveCfg = Release|Any CPU
		{6BE27B2E-552F-43B2-82D5-058D7F180CEC}.AppStore|Mixed Platforms.ActiveCfg = Release|Any CPU
		{6BE27B2E-552F-43B2-82D5-058D7F180CEC}.AppStore|Mixed Platforms.Build.0 = Release|Any CPU
		{6BE27B2E-552F-43B2-82D5-058D7F180CEC}.AppStore|Mixed Platforms.Deploy.0 = Release|Any CPU
		{6BE27B2E-552F-43B2-82D5-058D7F180CEC}.AppStore|x64.ActiveCfg = Debug|Any CPU
		{6BE27B2E-552F-43B2-82D5-058D7F180CEC}.AppStore|x86.ActiveCfg = Release|Any CPU
		{6BE27B2E-552F-43B2-82D5-058D7F180CEC}.Debug|Any CPU.ActiveCfg = Debug|Any CPU
		{6BE27B2E-552F-43B2-82D5-058D7F180CEC}.Debug|Any CPU.Build.0 = Debug|Any CPU
		{6BE27B2E-552F-43B2-82D5-058D7F180CEC}.Debug|Any CPU.Deploy.0 = Debug|Any CPU
		{6BE27B2E-552F-43B2-82D5-058D7F180CEC}.Debug|ARM.ActiveCfg = Debug|Any CPU
		{6BE27B2E-552F-43B2-82D5-058D7F180CEC}.Debug|iPhone.ActiveCfg = Debug|Any CPU
		{6BE27B2E-552F-43B2-82D5-058D7F180CEC}.Debug|iPhoneSimulator.ActiveCfg = Debug|Any CPU
		{6BE27B2E-552F-43B2-82D5-058D7F180CEC}.Debug|Mixed Platforms.ActiveCfg = Debug|Any CPU
		{6BE27B2E-552F-43B2-82D5-058D7F180CEC}.Debug|Mixed Platforms.Build.0 = Debug|Any CPU
		{6BE27B2E-552F-43B2-82D5-058D7F180CEC}.Debug|Mixed Platforms.Deploy.0 = Debug|Any CPU
		{6BE27B2E-552F-43B2-82D5-058D7F180CEC}.Debug|x64.ActiveCfg = Debug|Any CPU
		{6BE27B2E-552F-43B2-82D5-058D7F180CEC}.Debug|x86.ActiveCfg = Debug|Any CPU
		{6BE27B2E-552F-43B2-82D5-058D7F180CEC}.Release|Any CPU.ActiveCfg = Release|Any CPU
		{6BE27B2E-552F-43B2-82D5-058D7F180CEC}.Release|Any CPU.Build.0 = Release|Any CPU
		{6BE27B2E-552F-43B2-82D5-058D7F180CEC}.Release|ARM.ActiveCfg = Release|Any CPU
		{6BE27B2E-552F-43B2-82D5-058D7F180CEC}.Release|iPhone.ActiveCfg = Release|Any CPU
		{6BE27B2E-552F-43B2-82D5-058D7F180CEC}.Release|iPhone.Build.0 = Release|Any CPU
		{6BE27B2E-552F-43B2-82D5-058D7F180CEC}.Release|iPhoneSimulator.ActiveCfg = Release|Any CPU
		{6BE27B2E-552F-43B2-82D5-058D7F180CEC}.Release|iPhoneSimulator.Build.0 = Release|Any CPU
		{6BE27B2E-552F-43B2-82D5-058D7F180CEC}.Release|Mixed Platforms.ActiveCfg = Release|Any CPU
		{6BE27B2E-552F-43B2-82D5-058D7F180CEC}.Release|Mixed Platforms.Build.0 = Release|Any CPU
		{6BE27B2E-552F-43B2-82D5-058D7F180CEC}.Release|Mixed Platforms.Deploy.0 = Release|Any CPU
		{6BE27B2E-552F-43B2-82D5-058D7F180CEC}.Release|x64.ActiveCfg = Release|Any CPU
		{6BE27B2E-552F-43B2-82D5-058D7F180CEC}.Release|x86.ActiveCfg = Release|Any CPU
		{4E66E26E-86DE-43F5-90FB-5BC6467BB1D5}.AppStore|Any CPU.ActiveCfg = Release|Any CPU
		{4E66E26E-86DE-43F5-90FB-5BC6467BB1D5}.AppStore|Any CPU.Build.0 = Release|Any CPU
		{4E66E26E-86DE-43F5-90FB-5BC6467BB1D5}.AppStore|ARM.ActiveCfg = Release|Any CPU
		{4E66E26E-86DE-43F5-90FB-5BC6467BB1D5}.AppStore|ARM.Build.0 = Release|Any CPU
		{4E66E26E-86DE-43F5-90FB-5BC6467BB1D5}.AppStore|iPhone.ActiveCfg = Release|Any CPU
		{4E66E26E-86DE-43F5-90FB-5BC6467BB1D5}.AppStore|iPhone.Build.0 = Release|Any CPU
		{4E66E26E-86DE-43F5-90FB-5BC6467BB1D5}.AppStore|iPhoneSimulator.ActiveCfg = Release|Any CPU
		{4E66E26E-86DE-43F5-90FB-5BC6467BB1D5}.AppStore|iPhoneSimulator.Build.0 = Release|Any CPU
		{4E66E26E-86DE-43F5-90FB-5BC6467BB1D5}.AppStore|Mixed Platforms.ActiveCfg = Release|Any CPU
		{4E66E26E-86DE-43F5-90FB-5BC6467BB1D5}.AppStore|Mixed Platforms.Build.0 = Release|Any CPU
		{4E66E26E-86DE-43F5-90FB-5BC6467BB1D5}.AppStore|x64.ActiveCfg = Release|Any CPU
		{4E66E26E-86DE-43F5-90FB-5BC6467BB1D5}.AppStore|x64.Build.0 = Release|Any CPU
		{4E66E26E-86DE-43F5-90FB-5BC6467BB1D5}.AppStore|x86.ActiveCfg = Release|Any CPU
		{4E66E26E-86DE-43F5-90FB-5BC6467BB1D5}.AppStore|x86.Build.0 = Release|Any CPU
		{4E66E26E-86DE-43F5-90FB-5BC6467BB1D5}.Debug|Any CPU.ActiveCfg = Debug|Any CPU
		{4E66E26E-86DE-43F5-90FB-5BC6467BB1D5}.Debug|Any CPU.Build.0 = Debug|Any CPU
		{4E66E26E-86DE-43F5-90FB-5BC6467BB1D5}.Debug|ARM.ActiveCfg = Debug|Any CPU
		{4E66E26E-86DE-43F5-90FB-5BC6467BB1D5}.Debug|ARM.Build.0 = Debug|Any CPU
		{4E66E26E-86DE-43F5-90FB-5BC6467BB1D5}.Debug|iPhone.ActiveCfg = Debug|Any CPU
		{4E66E26E-86DE-43F5-90FB-5BC6467BB1D5}.Debug|iPhone.Build.0 = Debug|Any CPU
		{4E66E26E-86DE-43F5-90FB-5BC6467BB1D5}.Debug|iPhoneSimulator.ActiveCfg = Debug|Any CPU
		{4E66E26E-86DE-43F5-90FB-5BC6467BB1D5}.Debug|iPhoneSimulator.Build.0 = Debug|Any CPU
		{4E66E26E-86DE-43F5-90FB-5BC6467BB1D5}.Debug|Mixed Platforms.ActiveCfg = Debug|Any CPU
		{4E66E26E-86DE-43F5-90FB-5BC6467BB1D5}.Debug|Mixed Platforms.Build.0 = Debug|Any CPU
		{4E66E26E-86DE-43F5-90FB-5BC6467BB1D5}.Debug|x64.ActiveCfg = Debug|Any CPU
		{4E66E26E-86DE-43F5-90FB-5BC6467BB1D5}.Debug|x64.Build.0 = Debug|Any CPU
		{4E66E26E-86DE-43F5-90FB-5BC6467BB1D5}.Debug|x86.ActiveCfg = Debug|Any CPU
		{4E66E26E-86DE-43F5-90FB-5BC6467BB1D5}.Debug|x86.Build.0 = Debug|Any CPU
		{4E66E26E-86DE-43F5-90FB-5BC6467BB1D5}.Release|Any CPU.ActiveCfg = Release|Any CPU
		{4E66E26E-86DE-43F5-90FB-5BC6467BB1D5}.Release|Any CPU.Build.0 = Release|Any CPU
		{4E66E26E-86DE-43F5-90FB-5BC6467BB1D5}.Release|ARM.ActiveCfg = Release|Any CPU
		{4E66E26E-86DE-43F5-90FB-5BC6467BB1D5}.Release|ARM.Build.0 = Release|Any CPU
		{4E66E26E-86DE-43F5-90FB-5BC6467BB1D5}.Release|iPhone.ActiveCfg = Release|Any CPU
		{4E66E26E-86DE-43F5-90FB-5BC6467BB1D5}.Release|iPhone.Build.0 = Release|Any CPU
		{4E66E26E-86DE-43F5-90FB-5BC6467BB1D5}.Release|iPhoneSimulator.ActiveCfg = Release|Any CPU
		{4E66E26E-86DE-43F5-90FB-5BC6467BB1D5}.Release|iPhoneSimulator.Build.0 = Release|Any CPU
		{4E66E26E-86DE-43F5-90FB-5BC6467BB1D5}.Release|Mixed Platforms.ActiveCfg = Release|Any CPU
		{4E66E26E-86DE-43F5-90FB-5BC6467BB1D5}.Release|Mixed Platforms.Build.0 = Release|Any CPU
		{4E66E26E-86DE-43F5-90FB-5BC6467BB1D5}.Release|x64.ActiveCfg = Release|Any CPU
		{4E66E26E-86DE-43F5-90FB-5BC6467BB1D5}.Release|x64.Build.0 = Release|Any CPU
		{4E66E26E-86DE-43F5-90FB-5BC6467BB1D5}.Release|x86.ActiveCfg = Release|Any CPU
		{4E66E26E-86DE-43F5-90FB-5BC6467BB1D5}.Release|x86.Build.0 = Release|Any CPU
		{F917D8AE-4A36-47C9-A58E-D23854F65915}.AppStore|Any CPU.ActiveCfg = Release|Any CPU
		{F917D8AE-4A36-47C9-A58E-D23854F65915}.AppStore|Any CPU.Build.0 = Release|Any CPU
		{F917D8AE-4A36-47C9-A58E-D23854F65915}.AppStore|ARM.ActiveCfg = Release|Any CPU
		{F917D8AE-4A36-47C9-A58E-D23854F65915}.AppStore|ARM.Build.0 = Release|Any CPU
		{F917D8AE-4A36-47C9-A58E-D23854F65915}.AppStore|iPhone.ActiveCfg = Release|Any CPU
		{F917D8AE-4A36-47C9-A58E-D23854F65915}.AppStore|iPhone.Build.0 = Release|Any CPU
		{F917D8AE-4A36-47C9-A58E-D23854F65915}.AppStore|iPhoneSimulator.ActiveCfg = Release|Any CPU
		{F917D8AE-4A36-47C9-A58E-D23854F65915}.AppStore|iPhoneSimulator.Build.0 = Release|Any CPU
		{F917D8AE-4A36-47C9-A58E-D23854F65915}.AppStore|Mixed Platforms.ActiveCfg = Release|Any CPU
		{F917D8AE-4A36-47C9-A58E-D23854F65915}.AppStore|Mixed Platforms.Build.0 = Release|Any CPU
		{F917D8AE-4A36-47C9-A58E-D23854F65915}.AppStore|x64.ActiveCfg = Release|Any CPU
		{F917D8AE-4A36-47C9-A58E-D23854F65915}.AppStore|x64.Build.0 = Release|Any CPU
		{F917D8AE-4A36-47C9-A58E-D23854F65915}.AppStore|x86.ActiveCfg = Release|Any CPU
		{F917D8AE-4A36-47C9-A58E-D23854F65915}.AppStore|x86.Build.0 = Release|Any CPU
		{F917D8AE-4A36-47C9-A58E-D23854F65915}.Debug|Any CPU.ActiveCfg = Debug|Any CPU
		{F917D8AE-4A36-47C9-A58E-D23854F65915}.Debug|Any CPU.Build.0 = Debug|Any CPU
		{F917D8AE-4A36-47C9-A58E-D23854F65915}.Debug|ARM.ActiveCfg = Debug|Any CPU
		{F917D8AE-4A36-47C9-A58E-D23854F65915}.Debug|ARM.Build.0 = Debug|Any CPU
		{F917D8AE-4A36-47C9-A58E-D23854F65915}.Debug|iPhone.ActiveCfg = Debug|Any CPU
		{F917D8AE-4A36-47C9-A58E-D23854F65915}.Debug|iPhone.Build.0 = Debug|Any CPU
		{F917D8AE-4A36-47C9-A58E-D23854F65915}.Debug|iPhoneSimulator.ActiveCfg = Debug|Any CPU
		{F917D8AE-4A36-47C9-A58E-D23854F65915}.Debug|iPhoneSimulator.Build.0 = Debug|Any CPU
		{F917D8AE-4A36-47C9-A58E-D23854F65915}.Debug|Mixed Platforms.ActiveCfg = Debug|Any CPU
		{F917D8AE-4A36-47C9-A58E-D23854F65915}.Debug|Mixed Platforms.Build.0 = Debug|Any CPU
		{F917D8AE-4A36-47C9-A58E-D23854F65915}.Debug|x64.ActiveCfg = Debug|Any CPU
		{F917D8AE-4A36-47C9-A58E-D23854F65915}.Debug|x64.Build.0 = Debug|Any CPU
		{F917D8AE-4A36-47C9-A58E-D23854F65915}.Debug|x86.ActiveCfg = Debug|Any CPU
		{F917D8AE-4A36-47C9-A58E-D23854F65915}.Debug|x86.Build.0 = Debug|Any CPU
		{F917D8AE-4A36-47C9-A58E-D23854F65915}.Release|Any CPU.ActiveCfg = Release|Any CPU
		{F917D8AE-4A36-47C9-A58E-D23854F65915}.Release|Any CPU.Build.0 = Release|Any CPU
		{F917D8AE-4A36-47C9-A58E-D23854F65915}.Release|ARM.ActiveCfg = Release|Any CPU
		{F917D8AE-4A36-47C9-A58E-D23854F65915}.Release|ARM.Build.0 = Release|Any CPU
		{F917D8AE-4A36-47C9-A58E-D23854F65915}.Release|iPhone.ActiveCfg = Release|Any CPU
		{F917D8AE-4A36-47C9-A58E-D23854F65915}.Release|iPhone.Build.0 = Release|Any CPU
		{F917D8AE-4A36-47C9-A58E-D23854F65915}.Release|iPhoneSimulator.ActiveCfg = Release|Any CPU
		{F917D8AE-4A36-47C9-A58E-D23854F65915}.Release|iPhoneSimulator.Build.0 = Release|Any CPU
		{F917D8AE-4A36-47C9-A58E-D23854F65915}.Release|Mixed Platforms.ActiveCfg = Release|Any CPU
		{F917D8AE-4A36-47C9-A58E-D23854F65915}.Release|Mixed Platforms.Build.0 = Release|Any CPU
		{F917D8AE-4A36-47C9-A58E-D23854F65915}.Release|x64.ActiveCfg = Release|Any CPU
		{F917D8AE-4A36-47C9-A58E-D23854F65915}.Release|x64.Build.0 = Release|Any CPU
		{F917D8AE-4A36-47C9-A58E-D23854F65915}.Release|x86.ActiveCfg = Release|Any CPU
		{F917D8AE-4A36-47C9-A58E-D23854F65915}.Release|x86.Build.0 = Release|Any CPU
		{FEFDEE74-F945-43D2-A7FE-6D2261BE518B}.AppStore|Any CPU.ActiveCfg = Release|Any CPU
		{FEFDEE74-F945-43D2-A7FE-6D2261BE518B}.AppStore|Any CPU.Build.0 = Release|Any CPU
		{FEFDEE74-F945-43D2-A7FE-6D2261BE518B}.AppStore|ARM.ActiveCfg = Release|Any CPU
		{FEFDEE74-F945-43D2-A7FE-6D2261BE518B}.AppStore|ARM.Build.0 = Release|Any CPU
		{FEFDEE74-F945-43D2-A7FE-6D2261BE518B}.AppStore|iPhone.ActiveCfg = Release|Any CPU
		{FEFDEE74-F945-43D2-A7FE-6D2261BE518B}.AppStore|iPhone.Build.0 = Release|Any CPU
		{FEFDEE74-F945-43D2-A7FE-6D2261BE518B}.AppStore|iPhoneSimulator.ActiveCfg = Release|Any CPU
		{FEFDEE74-F945-43D2-A7FE-6D2261BE518B}.AppStore|iPhoneSimulator.Build.0 = Release|Any CPU
		{FEFDEE74-F945-43D2-A7FE-6D2261BE518B}.AppStore|Mixed Platforms.ActiveCfg = Release|Any CPU
		{FEFDEE74-F945-43D2-A7FE-6D2261BE518B}.AppStore|Mixed Platforms.Build.0 = Release|Any CPU
		{FEFDEE74-F945-43D2-A7FE-6D2261BE518B}.AppStore|x64.ActiveCfg = Release|Any CPU
		{FEFDEE74-F945-43D2-A7FE-6D2261BE518B}.AppStore|x64.Build.0 = Release|Any CPU
		{FEFDEE74-F945-43D2-A7FE-6D2261BE518B}.AppStore|x86.ActiveCfg = Release|Any CPU
		{FEFDEE74-F945-43D2-A7FE-6D2261BE518B}.AppStore|x86.Build.0 = Release|Any CPU
		{FEFDEE74-F945-43D2-A7FE-6D2261BE518B}.Debug|Any CPU.ActiveCfg = Debug|Any CPU
		{FEFDEE74-F945-43D2-A7FE-6D2261BE518B}.Debug|Any CPU.Build.0 = Debug|Any CPU
		{FEFDEE74-F945-43D2-A7FE-6D2261BE518B}.Debug|ARM.ActiveCfg = Debug|Any CPU
		{FEFDEE74-F945-43D2-A7FE-6D2261BE518B}.Debug|ARM.Build.0 = Debug|Any CPU
		{FEFDEE74-F945-43D2-A7FE-6D2261BE518B}.Debug|iPhone.ActiveCfg = Debug|Any CPU
		{FEFDEE74-F945-43D2-A7FE-6D2261BE518B}.Debug|iPhone.Build.0 = Debug|Any CPU
		{FEFDEE74-F945-43D2-A7FE-6D2261BE518B}.Debug|iPhoneSimulator.ActiveCfg = Debug|Any CPU
		{FEFDEE74-F945-43D2-A7FE-6D2261BE518B}.Debug|iPhoneSimulator.Build.0 = Debug|Any CPU
		{FEFDEE74-F945-43D2-A7FE-6D2261BE518B}.Debug|Mixed Platforms.ActiveCfg = Debug|Any CPU
		{FEFDEE74-F945-43D2-A7FE-6D2261BE518B}.Debug|Mixed Platforms.Build.0 = Debug|Any CPU
		{FEFDEE74-F945-43D2-A7FE-6D2261BE518B}.Debug|x64.ActiveCfg = Debug|Any CPU
		{FEFDEE74-F945-43D2-A7FE-6D2261BE518B}.Debug|x64.Build.0 = Debug|Any CPU
		{FEFDEE74-F945-43D2-A7FE-6D2261BE518B}.Debug|x86.ActiveCfg = Debug|Any CPU
		{FEFDEE74-F945-43D2-A7FE-6D2261BE518B}.Debug|x86.Build.0 = Debug|Any CPU
		{FEFDEE74-F945-43D2-A7FE-6D2261BE518B}.Release|Any CPU.ActiveCfg = Release|Any CPU
		{FEFDEE74-F945-43D2-A7FE-6D2261BE518B}.Release|Any CPU.Build.0 = Release|Any CPU
		{FEFDEE74-F945-43D2-A7FE-6D2261BE518B}.Release|ARM.ActiveCfg = Release|Any CPU
		{FEFDEE74-F945-43D2-A7FE-6D2261BE518B}.Release|ARM.Build.0 = Release|Any CPU
		{FEFDEE74-F945-43D2-A7FE-6D2261BE518B}.Release|iPhone.ActiveCfg = Release|Any CPU
		{FEFDEE74-F945-43D2-A7FE-6D2261BE518B}.Release|iPhone.Build.0 = Release|Any CPU
		{FEFDEE74-F945-43D2-A7FE-6D2261BE518B}.Release|iPhoneSimulator.ActiveCfg = Release|Any CPU
		{FEFDEE74-F945-43D2-A7FE-6D2261BE518B}.Release|iPhoneSimulator.Build.0 = Release|Any CPU
		{FEFDEE74-F945-43D2-A7FE-6D2261BE518B}.Release|Mixed Platforms.ActiveCfg = Release|Any CPU
		{FEFDEE74-F945-43D2-A7FE-6D2261BE518B}.Release|Mixed Platforms.Build.0 = Release|Any CPU
		{FEFDEE74-F945-43D2-A7FE-6D2261BE518B}.Release|x64.ActiveCfg = Release|Any CPU
		{FEFDEE74-F945-43D2-A7FE-6D2261BE518B}.Release|x64.Build.0 = Release|Any CPU
		{FEFDEE74-F945-43D2-A7FE-6D2261BE518B}.Release|x86.ActiveCfg = Release|Any CPU
		{FEFDEE74-F945-43D2-A7FE-6D2261BE518B}.Release|x86.Build.0 = Release|Any CPU
		{E947FD43-3AA5-4985-8B48-42CA65911A05}.AppStore|Any CPU.ActiveCfg = Release|Any CPU
		{E947FD43-3AA5-4985-8B48-42CA65911A05}.AppStore|Any CPU.Build.0 = Release|Any CPU
		{E947FD43-3AA5-4985-8B48-42CA65911A05}.AppStore|ARM.ActiveCfg = Release|Any CPU
		{E947FD43-3AA5-4985-8B48-42CA65911A05}.AppStore|ARM.Build.0 = Release|Any CPU
		{E947FD43-3AA5-4985-8B48-42CA65911A05}.AppStore|iPhone.ActiveCfg = Release|Any CPU
		{E947FD43-3AA5-4985-8B48-42CA65911A05}.AppStore|iPhone.Build.0 = Release|Any CPU
		{E947FD43-3AA5-4985-8B48-42CA65911A05}.AppStore|iPhoneSimulator.ActiveCfg = Release|Any CPU
		{E947FD43-3AA5-4985-8B48-42CA65911A05}.AppStore|iPhoneSimulator.Build.0 = Release|Any CPU
		{E947FD43-3AA5-4985-8B48-42CA65911A05}.AppStore|Mixed Platforms.ActiveCfg = Release|Any CPU
		{E947FD43-3AA5-4985-8B48-42CA65911A05}.AppStore|Mixed Platforms.Build.0 = Release|Any CPU
		{E947FD43-3AA5-4985-8B48-42CA65911A05}.AppStore|x64.ActiveCfg = Release|Any CPU
		{E947FD43-3AA5-4985-8B48-42CA65911A05}.AppStore|x64.Build.0 = Release|Any CPU
		{E947FD43-3AA5-4985-8B48-42CA65911A05}.AppStore|x86.ActiveCfg = Release|Any CPU
		{E947FD43-3AA5-4985-8B48-42CA65911A05}.AppStore|x86.Build.0 = Release|Any CPU
		{E947FD43-3AA5-4985-8B48-42CA65911A05}.Debug|Any CPU.ActiveCfg = Debug|Any CPU
		{E947FD43-3AA5-4985-8B48-42CA65911A05}.Debug|Any CPU.Build.0 = Debug|Any CPU
		{E947FD43-3AA5-4985-8B48-42CA65911A05}.Debug|ARM.ActiveCfg = Debug|Any CPU
		{E947FD43-3AA5-4985-8B48-42CA65911A05}.Debug|ARM.Build.0 = Debug|Any CPU
		{E947FD43-3AA5-4985-8B48-42CA65911A05}.Debug|iPhone.ActiveCfg = Debug|Any CPU
		{E947FD43-3AA5-4985-8B48-42CA65911A05}.Debug|iPhone.Build.0 = Debug|Any CPU
		{E947FD43-3AA5-4985-8B48-42CA65911A05}.Debug|iPhoneSimulator.ActiveCfg = Debug|Any CPU
		{E947FD43-3AA5-4985-8B48-42CA65911A05}.Debug|iPhoneSimulator.Build.0 = Debug|Any CPU
		{E947FD43-3AA5-4985-8B48-42CA65911A05}.Debug|Mixed Platforms.ActiveCfg = Debug|Any CPU
		{E947FD43-3AA5-4985-8B48-42CA65911A05}.Debug|Mixed Platforms.Build.0 = Debug|Any CPU
		{E947FD43-3AA5-4985-8B48-42CA65911A05}.Debug|x64.ActiveCfg = Debug|Any CPU
		{E947FD43-3AA5-4985-8B48-42CA65911A05}.Debug|x64.Build.0 = Debug|Any CPU
		{E947FD43-3AA5-4985-8B48-42CA65911A05}.Debug|x86.ActiveCfg = Debug|Any CPU
		{E947FD43-3AA5-4985-8B48-42CA65911A05}.Debug|x86.Build.0 = Debug|Any CPU
		{E947FD43-3AA5-4985-8B48-42CA65911A05}.Release|Any CPU.ActiveCfg = Release|Any CPU
		{E947FD43-3AA5-4985-8B48-42CA65911A05}.Release|Any CPU.Build.0 = Release|Any CPU
		{E947FD43-3AA5-4985-8B48-42CA65911A05}.Release|ARM.ActiveCfg = Release|Any CPU
		{E947FD43-3AA5-4985-8B48-42CA65911A05}.Release|ARM.Build.0 = Release|Any CPU
		{E947FD43-3AA5-4985-8B48-42CA65911A05}.Release|iPhone.ActiveCfg = Release|Any CPU
		{E947FD43-3AA5-4985-8B48-42CA65911A05}.Release|iPhone.Build.0 = Release|Any CPU
		{E947FD43-3AA5-4985-8B48-42CA65911A05}.Release|iPhoneSimulator.ActiveCfg = Release|Any CPU
		{E947FD43-3AA5-4985-8B48-42CA65911A05}.Release|iPhoneSimulator.Build.0 = Release|Any CPU
		{E947FD43-3AA5-4985-8B48-42CA65911A05}.Release|Mixed Platforms.ActiveCfg = Release|Any CPU
		{E947FD43-3AA5-4985-8B48-42CA65911A05}.Release|Mixed Platforms.Build.0 = Release|Any CPU
		{E947FD43-3AA5-4985-8B48-42CA65911A05}.Release|x64.ActiveCfg = Release|Any CPU
		{E947FD43-3AA5-4985-8B48-42CA65911A05}.Release|x64.Build.0 = Release|Any CPU
		{E947FD43-3AA5-4985-8B48-42CA65911A05}.Release|x86.ActiveCfg = Release|Any CPU
		{E947FD43-3AA5-4985-8B48-42CA65911A05}.Release|x86.Build.0 = Release|Any CPU
		{4808D68D-10E8-4632-AAB5-76BB7F087A55}.AppStore|Any CPU.ActiveCfg = Release|Any CPU
		{4808D68D-10E8-4632-AAB5-76BB7F087A55}.AppStore|Any CPU.Build.0 = Release|Any CPU
		{4808D68D-10E8-4632-AAB5-76BB7F087A55}.AppStore|ARM.ActiveCfg = Release|Any CPU
		{4808D68D-10E8-4632-AAB5-76BB7F087A55}.AppStore|ARM.Build.0 = Release|Any CPU
		{4808D68D-10E8-4632-AAB5-76BB7F087A55}.AppStore|iPhone.ActiveCfg = Release|Any CPU
		{4808D68D-10E8-4632-AAB5-76BB7F087A55}.AppStore|iPhone.Build.0 = Release|Any CPU
		{4808D68D-10E8-4632-AAB5-76BB7F087A55}.AppStore|iPhoneSimulator.ActiveCfg = Release|Any CPU
		{4808D68D-10E8-4632-AAB5-76BB7F087A55}.AppStore|iPhoneSimulator.Build.0 = Release|Any CPU
		{4808D68D-10E8-4632-AAB5-76BB7F087A55}.AppStore|Mixed Platforms.ActiveCfg = Release|Any CPU
		{4808D68D-10E8-4632-AAB5-76BB7F087A55}.AppStore|Mixed Platforms.Build.0 = Release|Any CPU
		{4808D68D-10E8-4632-AAB5-76BB7F087A55}.AppStore|x64.ActiveCfg = Release|Any CPU
		{4808D68D-10E8-4632-AAB5-76BB7F087A55}.AppStore|x64.Build.0 = Release|Any CPU
		{4808D68D-10E8-4632-AAB5-76BB7F087A55}.AppStore|x86.ActiveCfg = Release|Any CPU
		{4808D68D-10E8-4632-AAB5-76BB7F087A55}.AppStore|x86.Build.0 = Release|Any CPU
		{4808D68D-10E8-4632-AAB5-76BB7F087A55}.Debug|Any CPU.ActiveCfg = Debug|Any CPU
		{4808D68D-10E8-4632-AAB5-76BB7F087A55}.Debug|Any CPU.Build.0 = Debug|Any CPU
		{4808D68D-10E8-4632-AAB5-76BB7F087A55}.Debug|ARM.ActiveCfg = Debug|Any CPU
		{4808D68D-10E8-4632-AAB5-76BB7F087A55}.Debug|ARM.Build.0 = Debug|Any CPU
		{4808D68D-10E8-4632-AAB5-76BB7F087A55}.Debug|iPhone.ActiveCfg = Debug|Any CPU
		{4808D68D-10E8-4632-AAB5-76BB7F087A55}.Debug|iPhone.Build.0 = Debug|Any CPU
		{4808D68D-10E8-4632-AAB5-76BB7F087A55}.Debug|iPhoneSimulator.ActiveCfg = Debug|Any CPU
		{4808D68D-10E8-4632-AAB5-76BB7F087A55}.Debug|iPhoneSimulator.Build.0 = Debug|Any CPU
		{4808D68D-10E8-4632-AAB5-76BB7F087A55}.Debug|Mixed Platforms.ActiveCfg = Debug|Any CPU
		{4808D68D-10E8-4632-AAB5-76BB7F087A55}.Debug|Mixed Platforms.Build.0 = Debug|Any CPU
		{4808D68D-10E8-4632-AAB5-76BB7F087A55}.Debug|x64.ActiveCfg = Debug|Any CPU
		{4808D68D-10E8-4632-AAB5-76BB7F087A55}.Debug|x64.Build.0 = Debug|Any CPU
		{4808D68D-10E8-4632-AAB5-76BB7F087A55}.Debug|x86.ActiveCfg = Debug|Any CPU
		{4808D68D-10E8-4632-AAB5-76BB7F087A55}.Debug|x86.Build.0 = Debug|Any CPU
		{4808D68D-10E8-4632-AAB5-76BB7F087A55}.Release|Any CPU.ActiveCfg = Release|Any CPU
		{4808D68D-10E8-4632-AAB5-76BB7F087A55}.Release|Any CPU.Build.0 = Release|Any CPU
		{4808D68D-10E8-4632-AAB5-76BB7F087A55}.Release|ARM.ActiveCfg = Release|Any CPU
		{4808D68D-10E8-4632-AAB5-76BB7F087A55}.Release|ARM.Build.0 = Release|Any CPU
		{4808D68D-10E8-4632-AAB5-76BB7F087A55}.Release|iPhone.ActiveCfg = Release|Any CPU
		{4808D68D-10E8-4632-AAB5-76BB7F087A55}.Release|iPhone.Build.0 = Release|Any CPU
		{4808D68D-10E8-4632-AAB5-76BB7F087A55}.Release|iPhoneSimulator.ActiveCfg = Release|Any CPU
		{4808D68D-10E8-4632-AAB5-76BB7F087A55}.Release|iPhoneSimulator.Build.0 = Release|Any CPU
		{4808D68D-10E8-4632-AAB5-76BB7F087A55}.Release|Mixed Platforms.ActiveCfg = Release|Any CPU
		{4808D68D-10E8-4632-AAB5-76BB7F087A55}.Release|Mixed Platforms.Build.0 = Release|Any CPU
		{4808D68D-10E8-4632-AAB5-76BB7F087A55}.Release|x64.ActiveCfg = Release|Any CPU
		{4808D68D-10E8-4632-AAB5-76BB7F087A55}.Release|x64.Build.0 = Release|Any CPU
		{4808D68D-10E8-4632-AAB5-76BB7F087A55}.Release|x86.ActiveCfg = Release|Any CPU
		{4808D68D-10E8-4632-AAB5-76BB7F087A55}.Release|x86.Build.0 = Release|Any CPU
		{89317452-9E3E-4181-BC00-7857D9407EB4}.AppStore|Any CPU.ActiveCfg = Release|Any CPU
		{89317452-9E3E-4181-BC00-7857D9407EB4}.AppStore|Any CPU.Build.0 = Release|Any CPU
		{89317452-9E3E-4181-BC00-7857D9407EB4}.AppStore|ARM.ActiveCfg = Release|Any CPU
		{89317452-9E3E-4181-BC00-7857D9407EB4}.AppStore|ARM.Build.0 = Release|Any CPU
		{89317452-9E3E-4181-BC00-7857D9407EB4}.AppStore|iPhone.ActiveCfg = Release|Any CPU
		{89317452-9E3E-4181-BC00-7857D9407EB4}.AppStore|iPhone.Build.0 = Release|Any CPU
		{89317452-9E3E-4181-BC00-7857D9407EB4}.AppStore|iPhoneSimulator.ActiveCfg = Release|Any CPU
		{89317452-9E3E-4181-BC00-7857D9407EB4}.AppStore|iPhoneSimulator.Build.0 = Release|Any CPU
		{89317452-9E3E-4181-BC00-7857D9407EB4}.AppStore|Mixed Platforms.ActiveCfg = Release|Any CPU
		{89317452-9E3E-4181-BC00-7857D9407EB4}.AppStore|Mixed Platforms.Build.0 = Release|Any CPU
		{89317452-9E3E-4181-BC00-7857D9407EB4}.AppStore|x64.ActiveCfg = Release|Any CPU
		{89317452-9E3E-4181-BC00-7857D9407EB4}.AppStore|x64.Build.0 = Release|Any CPU
		{89317452-9E3E-4181-BC00-7857D9407EB4}.AppStore|x86.ActiveCfg = Release|Any CPU
		{89317452-9E3E-4181-BC00-7857D9407EB4}.AppStore|x86.Build.0 = Release|Any CPU
		{89317452-9E3E-4181-BC00-7857D9407EB4}.Debug|Any CPU.ActiveCfg = Debug|Any CPU
		{89317452-9E3E-4181-BC00-7857D9407EB4}.Debug|Any CPU.Build.0 = Debug|Any CPU
		{89317452-9E3E-4181-BC00-7857D9407EB4}.Debug|ARM.ActiveCfg = Debug|Any CPU
		{89317452-9E3E-4181-BC00-7857D9407EB4}.Debug|ARM.Build.0 = Debug|Any CPU
		{89317452-9E3E-4181-BC00-7857D9407EB4}.Debug|iPhone.ActiveCfg = Debug|Any CPU
		{89317452-9E3E-4181-BC00-7857D9407EB4}.Debug|iPhone.Build.0 = Debug|Any CPU
		{89317452-9E3E-4181-BC00-7857D9407EB4}.Debug|iPhoneSimulator.ActiveCfg = Debug|Any CPU
		{89317452-9E3E-4181-BC00-7857D9407EB4}.Debug|iPhoneSimulator.Build.0 = Debug|Any CPU
		{89317452-9E3E-4181-BC00-7857D9407EB4}.Debug|Mixed Platforms.ActiveCfg = Debug|Any CPU
		{89317452-9E3E-4181-BC00-7857D9407EB4}.Debug|Mixed Platforms.Build.0 = Debug|Any CPU
		{89317452-9E3E-4181-BC00-7857D9407EB4}.Debug|x64.ActiveCfg = Debug|Any CPU
		{89317452-9E3E-4181-BC00-7857D9407EB4}.Debug|x64.Build.0 = Debug|Any CPU
		{89317452-9E3E-4181-BC00-7857D9407EB4}.Debug|x86.ActiveCfg = Debug|Any CPU
		{89317452-9E3E-4181-BC00-7857D9407EB4}.Debug|x86.Build.0 = Debug|Any CPU
		{89317452-9E3E-4181-BC00-7857D9407EB4}.Release|Any CPU.ActiveCfg = Release|Any CPU
		{89317452-9E3E-4181-BC00-7857D9407EB4}.Release|Any CPU.Build.0 = Release|Any CPU
		{89317452-9E3E-4181-BC00-7857D9407EB4}.Release|ARM.ActiveCfg = Release|Any CPU
		{89317452-9E3E-4181-BC00-7857D9407EB4}.Release|ARM.Build.0 = Release|Any CPU
		{89317452-9E3E-4181-BC00-7857D9407EB4}.Release|iPhone.ActiveCfg = Release|Any CPU
		{89317452-9E3E-4181-BC00-7857D9407EB4}.Release|iPhone.Build.0 = Release|Any CPU
		{89317452-9E3E-4181-BC00-7857D9407EB4}.Release|iPhoneSimulator.ActiveCfg = Release|Any CPU
		{89317452-9E3E-4181-BC00-7857D9407EB4}.Release|iPhoneSimulator.Build.0 = Release|Any CPU
		{89317452-9E3E-4181-BC00-7857D9407EB4}.Release|Mixed Platforms.ActiveCfg = Release|Any CPU
		{89317452-9E3E-4181-BC00-7857D9407EB4}.Release|Mixed Platforms.Build.0 = Release|Any CPU
		{89317452-9E3E-4181-BC00-7857D9407EB4}.Release|x64.ActiveCfg = Release|Any CPU
		{89317452-9E3E-4181-BC00-7857D9407EB4}.Release|x64.Build.0 = Release|Any CPU
		{89317452-9E3E-4181-BC00-7857D9407EB4}.Release|x86.ActiveCfg = Release|Any CPU
		{89317452-9E3E-4181-BC00-7857D9407EB4}.Release|x86.Build.0 = Release|Any CPU
	EndGlobalSection
	GlobalSection(SolutionProperties) = preSolution
		HideSolutionNode = FALSE
	EndGlobalSection
	GlobalSection(ExtensibilityGlobals) = postSolution
		SolutionGuid = {7D19122F-FE28-43BD-8A97-56D2579F98EB}
	EndGlobalSection
EndGlobal
